Microsoft Visual Studio Solution File, Format Version 12.00
# Visual Studio 2012
Project("{FAE04EC0-301F-11D3-BF4B-00C04F79EFBC}") = "Ainomis.macOS", "Ainomis.macOS.csproj", "{D5B23A3F-536B-455B-A05A-87C9B2FA5DB0}"
EndProject
Project("{9344BDBB-3E7F-41FC-A0DD-8665D75EE146}") = "Ainomis.iOS", "Ainomis.iOS.csproj", "{898FFF2C-EBB2-43D4-B8B2-23B8F9C76085}"
EndProject
Project("{FAE04EC0-301F-11D3-BF4B-00C04F79EFBC}") = "FNA", "FNA\FNA.csproj", "{35253CE1-C864-4CD3-8249-4D1319748E8F}"
EndProject
Global
	GlobalSection(SolutionConfigurationPlatforms) = preSolution
		Debug|Any CPU = Debug|Any CPU
		Release|Any CPU = Release|Any CPU
		Debug|iPhoneSimulator = Debug|iPhoneSimulator
		Release|iPhone = Release|iPhone
		Release|iPhoneSimulator = Release|iPhoneSimulator
		Debug|iPhone = Debug|iPhone
		Debug|x86 = Debug|x86
		Release|x86 = Release|x86
		Debug|x64 = Debug|x64
		Release|x64 = Release|x64
	EndGlobalSection
	GlobalSection(ProjectConfigurationPlatforms) = postSolution
		{D5B23A3F-536B-455B-A05A-87C9B2FA5DB0}.Debug|Any CPU.ActiveCfg = Debug|Any CPU
		{D5B23A3F-536B-455B-A05A-87C9B2FA5DB0}.Debug|Any CPU.Build.0 = Debug|Any CPU
		{D5B23A3F-536B-455B-A05A-87C9B2FA5DB0}.Release|Any CPU.ActiveCfg = Release|Any CPU
		{D5B23A3F-536B-455B-A05A-87C9B2FA5DB0}.Release|Any CPU.Build.0 = Release|Any CPU
		{D5B23A3F-536B-455B-A05A-87C9B2FA5DB0}.Debug|iPhoneSimulator.ActiveCfg = Debug|Any CPU
		{D5B23A3F-536B-455B-A05A-87C9B2FA5DB0}.Debug|iPhoneSimulator.Build.0 = Debug|Any CPU
		{D5B23A3F-536B-455B-A05A-87C9B2FA5DB0}.Release|iPhone.ActiveCfg = Release|Any CPU
		{D5B23A3F-536B-455B-A05A-87C9B2FA5DB0}.Release|iPhone.Build.0 = Release|Any CPU
		{D5B23A3F-536B-455B-A05A-87C9B2FA5DB0}.Release|iPhoneSimulator.ActiveCfg = Release|Any CPU
		{D5B23A3F-536B-455B-A05A-87C9B2FA5DB0}.Release|iPhoneSimulator.Build.0 = Release|Any CPU
		{D5B23A3F-536B-455B-A05A-87C9B2FA5DB0}.Debug|iPhone.ActiveCfg = Debug|Any CPU
		{D5B23A3F-536B-455B-A05A-87C9B2FA5DB0}.Debug|iPhone.Build.0 = Debug|Any CPU
		{D5B23A3F-536B-455B-A05A-87C9B2FA5DB0}.Debug|x86.ActiveCfg = Debug|Any CPU
		{D5B23A3F-536B-455B-A05A-87C9B2FA5DB0}.Debug|x86.Build.0 = Debug|Any CPU
		{D5B23A3F-536B-455B-A05A-87C9B2FA5DB0}.Release|x86.ActiveCfg = Release|Any CPU
		{D5B23A3F-536B-455B-A05A-87C9B2FA5DB0}.Release|x86.Build.0 = Release|Any CPU
		{D5B23A3F-536B-455B-A05A-87C9B2FA5DB0}.Debug|x64.ActiveCfg = Debug|Any CPU
		{D5B23A3F-536B-455B-A05A-87C9B2FA5DB0}.Debug|x64.Build.0 = Debug|Any CPU
		{D5B23A3F-536B-455B-A05A-87C9B2FA5DB0}.Release|x64.ActiveCfg = Release|Any CPU
		{D5B23A3F-536B-455B-A05A-87C9B2FA5DB0}.Release|x64.Build.0 = Release|Any CPU
		{898FFF2C-EBB2-43D4-B8B2-23B8F9C76085}.Debug|Any CPU.ActiveCfg = Debug|iPhoneSimulator
		{898FFF2C-EBB2-43D4-B8B2-23B8F9C76085}.Debug|Any CPU.Build.0 = Debug|iPhoneSimulator
		{898FFF2C-EBB2-43D4-B8B2-23B8F9C76085}.Release|Any CPU.ActiveCfg = Release|iPhone
		{898FFF2C-EBB2-43D4-B8B2-23B8F9C76085}.Release|Any CPU.Build.0 = Release|iPhone
		{898FFF2C-EBB2-43D4-B8B2-23B8F9C76085}.Debug|iPhoneSimulator.ActiveCfg = Debug|iPhoneSimulator
		{898FFF2C-EBB2-43D4-B8B2-23B8F9C76085}.Debug|iPhoneSimulator.Build.0 = Debug|iPhoneSimulator
		{898FFF2C-EBB2-43D4-B8B2-23B8F9C76085}.Release|iPhone.ActiveCfg = Release|iPhone
		{898FFF2C-EBB2-43D4-B8B2-23B8F9C76085}.Release|iPhone.Build.0 = Release|iPhone
		{898FFF2C-EBB2-43D4-B8B2-23B8F9C76085}.Release|iPhoneSimulator.ActiveCfg = Release|iPhoneSimulator
		{898FFF2C-EBB2-43D4-B8B2-23B8F9C76085}.Release|iPhoneSimulator.Build.0 = Release|iPhoneSimulator
		{898FFF2C-EBB2-43D4-B8B2-23B8F9C76085}.Debug|iPhone.ActiveCfg = Debug|iPhone
		{898FFF2C-EBB2-43D4-B8B2-23B8F9C76085}.Debug|iPhone.Build.0 = Debug|iPhone
		{898FFF2C-EBB2-43D4-B8B2-23B8F9C76085}.Debug|x86.ActiveCfg = Debug|Any CPU
		{898FFF2C-EBB2-43D4-B8B2-23B8F9C76085}.Release|x86.ActiveCfg = Release|Any CPU
		{898FFF2C-EBB2-43D4-B8B2-23B8F9C76085}.Debug|x64.ActiveCfg = Debug|Any CPU
		{898FFF2C-EBB2-43D4-B8B2-23B8F9C76085}.Release|x64.ActiveCfg = Release|Any CPU
		{35253CE1-C864-4CD3-8249-4D1319748E8F}.Debug|Any CPU.ActiveCfg = Debug|Any CPU
		{35253CE1-C864-4CD3-8249-4D1319748E8F}.Debug|Any CPU.Build.0 = Debug|Any CPU
		{35253CE1-C864-4CD3-8249-4D1319748E8F}.Release|Any CPU.ActiveCfg = Release|Any CPU
		{35253CE1-C864-4CD3-8249-4D1319748E8F}.Release|Any CPU.Build.0 = Release|Any CPU
		{35253CE1-C864-4CD3-8249-4D1319748E8F}.Debug|iPhoneSimulator.ActiveCfg = Debug|Any CPU
		{35253CE1-C864-4CD3-8249-4D1319748E8F}.Debug|iPhoneSimulator.Build.0 = Debug|Any CPU
		{35253CE1-C864-4CD3-8249-4D1319748E8F}.Release|iPhone.ActiveCfg = Release|Any CPU
		{35253CE1-C864-4CD3-8249-4D1319748E8F}.Release|iPhone.Build.0 = Release|Any CPU
		{35253CE1-C864-4CD3-8249-4D1319748E8F}.Release|iPhoneSimulator.ActiveCfg = Release|Any CPU
		{35253CE1-C864-4CD3-8249-4D1319748E8F}.Release|iPhoneSimulator.Build.0 = Release|Any CPU
		{35253CE1-C864-4CD3-8249-4D1319748E8F}.Debug|iPhone.ActiveCfg = Debug|Any CPU
		{35253CE1-C864-4CD3-8249-4D1319748E8F}.Debug|iPhone.Build.0 = Debug|Any CPU
		{35253CE1-C864-4CD3-8249-4D1319748E8F}.Debug|x86.ActiveCfg = Debug|x86
		{35253CE1-C864-4CD3-8249-4D1319748E8F}.Debug|x86.Build.0 = Debug|x86
		{35253CE1-C864-4CD3-8249-4D1319748E8F}.Release|x86.ActiveCfg = Release|x86
		{35253CE1-C864-4CD3-8249-4D1319748E8F}.Release|x86.Build.0 = Release|x86
		{35253CE1-C864-4CD3-8249-4D1319748E8F}.Debug|x64.ActiveCfg = Debug|x64
		{35253CE1-C864-4CD3-8249-4D1319748E8F}.Debug|x64.Build.0 = Debug|x64
		{35253CE1-C864-4CD3-8249-4D1319748E8F}.Release|x64.ActiveCfg = Release|x64
		{35253CE1-C864-4CD3-8249-4D1319748E8F}.Release|x64.Build.0 = Release|x64
	EndGlobalSection
EndGlobal
